
Microsoft Visual Studio Solution File, Format Version 12.00
# Visual Studio 2013
VisualStudioVersion = 12.0.21005.1
MinimumVisualStudioVersion = 10.0.40219.1
Project("{FAE04EC0-301F-11D3-BF4B-00C04F79EFBC}") = "SiuUtils.SignerBase", "SiuUtils.Signer\SiuUtils.SignerBase.csproj", "{7F632633-BA74-4198-9DD4-2D99DA531855}"
EndProject
Project("{FAE04EC0-301F-11D3-BF4B-00C04F79EFBC}") = "SiuUtils.SignerGui", "SiuUtils.SignerGui\SiuUtils.SignerGui.csproj", "{A0630C30-B194-4511-BC74-001C8A2341BE}"
EndProject
Global
	GlobalSection(SolutionConfigurationPlatforms) = preSolution
		Debug|Any CPU = Debug|Any CPU
		Debug|ARM = Debug|ARM
		Debug|Mixed Platforms = Debug|Mixed Platforms
		Debug|Win32 = Debug|Win32
		Debug|x64 = Debug|x64
		Debug|x86 = Debug|x86
		Release|Any CPU = Release|Any CPU
		Release|ARM = Release|ARM
		Release|Mixed Platforms = Release|Mixed Platforms
		Release|Win32 = Release|Win32
		Release|x64 = Release|x64
		Release|x86 = Release|x86
	EndGlobalSection
	GlobalSection(ProjectConfigurationPlatforms) = postSolution
		{7F632633-BA74-4198-9DD4-2D99DA531855}.Debug|Any CPU.ActiveCfg = Debug|Any CPU
		{7F632633-BA74-4198-9DD4-2D99DA531855}.Debug|Any CPU.Build.0 = Debug|Any CPU
		{7F632633-BA74-4198-9DD4-2D99DA531855}.Debug|ARM.ActiveCfg = Debug|Any CPU
		{7F632633-BA74-4198-9DD4-2D99DA531855}.Debug|Mixed Platforms.ActiveCfg = Debug|Any CPU
		{7F632633-BA74-4198-9DD4-2D99DA531855}.Debug|Mixed Platforms.Build.0 = Debug|Any CPU
		{7F632633-BA74-4198-9DD4-2D99DA531855}.Debug|Win32.ActiveCfg = Debug|Any CPU
		{7F632633-BA74-4198-9DD4-2D99DA531855}.Debug|x64.ActiveCfg = Debug|Any CPU
		{7F632633-BA74-4198-9DD4-2D99DA531855}.Debug|x86.ActiveCfg = Debug|x86
		{7F632633-BA74-4198-9DD4-2D99DA531855}.Release|Any CPU.ActiveCfg = Release|Any CPU
		{7F632633-BA74-4198-9DD4-2D99DA531855}.Release|Any CPU.Build.0 = Release|Any CPU
		{7F632633-BA74-4198-9DD4-2D99DA531855}.Release|ARM.ActiveCfg = Release|Any CPU
		{7F632633-BA74-4198-9DD4-2D99DA531855}.Release|Mixed Platforms.ActiveCfg = Release|Any CPU
		{7F632633-BA74-4198-9DD4-2D99DA531855}.Release|Mixed Platforms.Build.0 = Release|Any CPU
		{7F632633-BA74-4198-9DD4-2D99DA531855}.Release|Win32.ActiveCfg = Release|Any CPU
		{7F632633-BA74-4198-9DD4-2D99DA531855}.Release|x64.ActiveCfg = Release|Any CPU
		{7F632633-BA74-4198-9DD4-2D99DA531855}.Release|x86.ActiveCfg = Release|x86
		{7F632633-BA74-4198-9DD4-2D99DA531855}.Release|x86.Build.0 = Release|x86
		{A0630C30-B194-4511-BC74-001C8A2341BE}.Debug|Any CPU.ActiveCfg = Debug|Any CPU
		{A0630C30-B194-4511-BC74-001C8A2341BE}.Debug|Any CPU.Build.0 = Debug|Any CPU
		{A0630C30-B194-4511-BC74-001C8A2341BE}.Debug|ARM.ActiveCfg = Debug|Any CPU
		{A0630C30-B194-4511-BC74-001C8A2341BE}.Debug|Mixed Platforms.ActiveCfg = Debug|Any CPU
		{A0630C30-B194-4511-BC74-001C8A2341BE}.Debug|Mixed Platforms.Build.0 = Debug|Any CPU
		{A0630C30-B194-4511-BC74-001C8A2341BE}.Debug|Win32.ActiveCfg = Debug|Any CPU
		{A0630C30-B194-4511-BC74-001C8A2341BE}.Debug|x64.ActiveCfg = Debug|Any CPU
		{A0630C30-B194-4511-BC74-001C8A2341BE}.Debug|x86.ActiveCfg = Debug|Any CPU
		{A0630C30-B194-4511-BC74-001C8A2341BE}.Release|Any CPU.ActiveCfg = Release|Any CPU
		{A0630C30-B194-4511-BC74-001C8A2341BE}.Release|Any CPU.Build.0 = Release|Any CPU
		{A0630C30-B194-4511-BC74-001C8A2341BE}.Release|ARM.ActiveCfg = Release|Any CPU
		{A0630C30-B194-4511-BC74-001C8A2341BE}.Release|Mixed Platforms.ActiveCfg = Release|Any CPU
		{A0630C30-B194-4511-BC74-001C8A2341BE}.Release|Mixed Platforms.Build.0 = Release|Any CPU
		{A0630C30-B194-4511-BC74-001C8A2341BE}.Release|Win32.ActiveCfg = Release|Any CPU
		{A0630C30-B194-4511-BC74-001C8A2341BE}.Release|x64.ActiveCfg = Release|Any CPU
		{A0630C30-B194-4511-BC74-001C8A2341BE}.Release|x86.ActiveCfg = Release|Any CPU
	EndGlobalSection
	GlobalSection(SolutionProperties) = preSolution
		HideSolutionNode = FALSE
	EndGlobalSection
EndGlobal
